
Microsoft Visual Studio Solution File, Format Version 12.00
# Visual Studio Version 17
VisualStudioVersion = 17.11.35219.272
MinimumVisualStudioVersion = 10.0.40219.1
Project("{8BC9CEB8-8B4A-11D0-8D11-00A0C91BC942}") = "UNO_6E5C_Magic_Eye_Demo", "UNO_6E5C_Magic_Eye_Demo\UNO_6E5C_Magic_Eye_Demo.vcxproj", "{0F44D1BF-0987-4FB1-9F46-9E035A5D8A8D}"
EndProject
Global
	GlobalSection(SolutionConfigurationPlatforms) = preSolution
		Debug|ARM = Debug|ARM
		Debug|ARM64 = Debug|ARM64
		Release|ARM = Release|ARM
		Release|ARM64 = Release|ARM64
	EndGlobalSection
	GlobalSection(ProjectConfigurationPlatforms) = postSolution
		{0F44D1BF-0987-4FB1-9F46-9E035A5D8A8D}.Debug|ARM.ActiveCfg = Debug|ARM
		{0F44D1BF-0987-4FB1-9F46-9E035A5D8A8D}.Debug|ARM.Build.0 = Debug|ARM
		{0F44D1BF-0987-4FB1-9F46-9E035A5D8A8D}.Debug|ARM.Deploy.0 = Debug|ARM
		{0F44D1BF-0987-4FB1-9F46-9E035A5D8A8D}.Debug|ARM64.ActiveCfg = Debug|ARM64
		{0F44D1BF-0987-4FB1-9F46-9E035A5D8A8D}.Debug|ARM64.Build.0 = Debug|ARM64
		{0F44D1BF-0987-4FB1-9F46-9E035A5D8A8D}.Debug|ARM64.Deploy.0 = Debug|ARM64
		{0F44D1BF-0987-4FB1-9F46-9E035A5D8A8D}.Release|ARM.ActiveCfg = Release|ARM
		{0F44D1BF-0987-4FB1-9F46-9E035A5D8A8D}.Release|ARM.Build.0 = Release|ARM
		{0F44D1BF-0987-4FB1-9F46-9E035A5D8A8D}.Release|ARM.Deploy.0 = Release|ARM
		{0F44D1BF-0987-4FB1-9F46-9E035A5D8A8D}.Release|ARM64.ActiveCfg = Release|ARM64
		{0F44D1BF-0987-4FB1-9F46-9E035A5D8A8D}.Release|ARM64.Build.0 = Release|ARM64
		{0F44D1BF-0987-4FB1-9F46-9E035A5D8A8D}.Release|ARM64.Deploy.0 = Release|ARM64
	EndGlobalSection
	GlobalSection(SolutionProperties) = preSolution
		HideSolutionNode = FALSE
	EndGlobalSection
	GlobalSection(ExtensibilityGlobals) = postSolution
		SolutionGuid = {D0066553-07DE-44E5-85F2-50B785DC2F75}
	EndGlobalSection
EndGlobal
